
Microsoft Visual Studio Solution File, Format Version 12.00
# Visual Studio Version 17
VisualStudioVersion = 17.7.34018.315
MinimumVisualStudioVersion = 10.0.40219.1
Project("{888888A0-9F3D-457C-B088-3A5042F75D52}") = "factupid", "factupid\factupid.pyproj", "{E5F4BEB3-BDDA-491F-AA0C-938BB6A2EFC1}"
EndProject
Global
	GlobalSection(SolutionConfigurationPlatforms) = preSolution
		Debug|Any CPU = Debug|Any CPU
		Release|Any CPU = Release|Any CPU
	EndGlobalSection
	GlobalSection(ProjectConfigurationPlatforms) = postSolution
		{E5F4BEB3-BDDA-491F-AA0C-938BB6A2EFC1}.Debug|Any CPU.ActiveCfg = Debug|Any CPU
		{E5F4BEB3-BDDA-491F-AA0C-938BB6A2EFC1}.Debug|Any CPU.Build.0 = Debug|Any CPU
		{E5F4BEB3-BDDA-491F-AA0C-938BB6A2EFC1}.Release|Any CPU.ActiveCfg = Release|Any CPU
		{E5F4BEB3-BDDA-491F-AA0C-938BB6A2EFC1}.Release|Any CPU.Build.0 = Release|Any CPU
	EndGlobalSection
	GlobalSection(SolutionProperties) = preSolution
		HideSolutionNode = FALSE
	EndGlobalSection
	GlobalSection(ExtensibilityGlobals) = postSolution
		SolutionGuid = {BCE8793C-30BF-475E-B3BD-01A0312C7242}
	EndGlobalSection
EndGlobal
